{
  "R": {
    "Version": "4.2.2",
    "Repositories": [
      {
        "Name": "CRAN",
        "URL": "https://cran.rstudio.com"
      }
    ]
  },
  "Packages": {
    "KernSmooth": {
      "Package": "KernSmooth",
      "Version": "2.23-20",
      "Source": "Repository",
      "Repository": "CRAN",
      "Hash": "8dcfa99b14c296bc9f1fd64d52fd3ce7",
      "Requirements": []
    },
    "MASS": {
      "Package": "MASS",
      "Version": "7.3-58.2",
      "Source": "Repository",
      "Repository": "CRAN",
      "Hash": "e02d1a0f6122fd3e634b25b433704344",
      "Requirements": []
    },
    "class": {
      "Package": "class",
      "Version": "7.3-21",
      "Source": "Repository",
      "Repository": "CRAN",
      "Hash": "8ae0d4328e2eb3a582dfd5391a3663b7",
      "Requirements": [
        "MASS"
      ]
    },
    "renv": {
      "Package": "renv",
      "Version": "0.16.0",
      "Source": "Repository",
      "Repository": "CRAN",
      "Hash": "c9e8442ab69bc21c9697ecf856c1e6c7",
      "Requirements": []
    }
  }
}
